
Microsoft Visual Studio Solution File, Format Version 12.00
# Visual Studio Version 17
VisualStudioVersion = 17.0.31912.275
MinimumVisualStudioVersion = 10.0.40219.1
Project("{9A19103F-16F7-4668-BE54-9A1E7A4F7556}") = "Pressford.News.API", "Pressford.News.API\Pressford.News.API.csproj", "{1F006470-3E2F-4CFF-8FBA-6BCA36A7D769}"
EndProject
Project("{9A19103F-16F7-4668-BE54-9A1E7A4F7556}") = "Pressford.News.Data", "Pressford.News.Data\Pressford.News.Data.csproj", "{866B7B0E-8F13-4375-807B-E4D07C7EA069}"
EndProject
Project("{9A19103F-16F7-4668-BE54-9A1E7A4F7556}") = "Pressford.News.Entities", "Pressford.News.Entities\Pressford.News.Entities.csproj", "{F99EB73B-1B8F-4465-80F7-D92C0E7EA7D7}"
EndProject
Project("{9A19103F-16F7-4668-BE54-9A1E7A4F7556}") = "Pressford.News.Model", "Pressford.News.Model\Pressford.News.Model.csproj", "{1DD0C827-626C-4331-8EF7-EBA5903F84A9}"
EndProject
Project("{9A19103F-16F7-4668-BE54-9A1E7A4F7556}") = "Pressford.News.Services", "Pressford.News.Services\Pressford.News.Services.csproj", "{A4D779F5-5B1A-49C1-BE8A-73C75EDE72AC}"
EndProject
Project("{2150E333-8FDC-42A3-9474-1A3956D46DE8}") = "Tests", "Tests", "{B6576D5F-DE6D-4CC4-A00F-5B440423EC44}"
EndProject
Project("{9A19103F-16F7-4668-BE54-9A1E7A4F7556}") = "Pressford.News.API.Tests", "Pressford.News.API.Tests\Pressford.News.API.Tests.csproj", "{CF160290-DB68-43AF-8FB9-89D4E92B3F0E}"
EndProject
Project("{9A19103F-16F7-4668-BE54-9A1E7A4F7556}") = "Pressford.News.Data.Tests", "Pressford.News.Data.Tests\Pressford.News.Data.Tests.csproj", "{703C6A6B-3ACB-4823-B958-C2457E1D8DA6}"
EndProject
Project("{9A19103F-16F7-4668-BE54-9A1E7A4F7556}") = "Pressford.News.Services.Tests", "Pressford.News.Services.Tests\Pressford.News.Services.Tests.csproj", "{A51B69A6-8B11-4599-98A9-34B16791202C}"
EndProject
Project("{9A19103F-16F7-4668-BE54-9A1E7A4F7556}") = "Pressford.News.Functional.Tests", "Pressford.News.Functional.Tests\Pressford.News.Functional.Tests.csproj", "{079AC38C-161B-41E9-BBE3-74976F200ABE}"
EndProject
Project("{2150E333-8FDC-42A3-9474-1A3956D46DE8}") = "Solution Items", "Solution Items", "{2B9481A7-F27F-44C4-BC5E-B1138F843930}"
	ProjectSection(SolutionItems) = preProject
		Commands.cmd = Commands.cmd
		todo.md = todo.md
	EndProjectSection
EndProject
Project("{2150E333-8FDC-42A3-9474-1A3956D46DE8}") = "Persistence", "Persistence", "{4409EA7D-7C62-49DB-8CDA-95353BBE16AE}"
EndProject
Project("{2150E333-8FDC-42A3-9474-1A3956D46DE8}") = "API", "API", "{3D7DA9E7-82BF-4E23-A90D-B035F1F28F6E}"
EndProject
Project("{2150E333-8FDC-42A3-9474-1A3956D46DE8}") = "Services", "Services", "{339022BD-0E44-4F1C-8C1A-180E5DACCAA8}"
EndProject
Global
	GlobalSection(SolutionConfigurationPlatforms) = preSolution
		Debug|Any CPU = Debug|Any CPU
		Release|Any CPU = Release|Any CPU
	EndGlobalSection
	GlobalSection(ProjectConfigurationPlatforms) = postSolution
		{1F006470-3E2F-4CFF-8FBA-6BCA36A7D769}.Debug|Any CPU.ActiveCfg = Debug|Any CPU
		{1F006470-3E2F-4CFF-8FBA-6BCA36A7D769}.Debug|Any CPU.Build.0 = Debug|Any CPU
		{1F006470-3E2F-4CFF-8FBA-6BCA36A7D769}.Release|Any CPU.ActiveCfg = Release|Any CPU
		{1F006470-3E2F-4CFF-8FBA-6BCA36A7D769}.Release|Any CPU.Build.0 = Release|Any CPU
		{866B7B0E-8F13-4375-807B-E4D07C7EA069}.Debug|Any CPU.ActiveCfg = Debug|Any CPU
		{866B7B0E-8F13-4375-807B-E4D07C7EA069}.Debug|Any CPU.Build.0 = Debug|Any CPU
		{866B7B0E-8F13-4375-807B-E4D07C7EA069}.Release|Any CPU.ActiveCfg = Release|Any CPU
		{866B7B0E-8F13-4375-807B-E4D07C7EA069}.Release|Any CPU.Build.0 = Release|Any CPU
		{F99EB73B-1B8F-4465-80F7-D92C0E7EA7D7}.Debug|Any CPU.ActiveCfg = Debug|Any CPU
		{F99EB73B-1B8F-4465-80F7-D92C0E7EA7D7}.Debug|Any CPU.Build.0 = Debug|Any CPU
		{F99EB73B-1B8F-4465-80F7-D92C0E7EA7D7}.Release|Any CPU.ActiveCfg = Release|Any CPU
		{F99EB73B-1B8F-4465-80F7-D92C0E7EA7D7}.Release|Any CPU.Build.0 = Release|Any CPU
		{1DD0C827-626C-4331-8EF7-EBA5903F84A9}.Debug|Any CPU.ActiveCfg = Debug|Any CPU
		{1DD0C827-626C-4331-8EF7-EBA5903F84A9}.Debug|Any CPU.Build.0 = Debug|Any CPU
		{1DD0C827-626C-4331-8EF7-EBA5903F84A9}.Release|Any CPU.ActiveCfg = Release|Any CPU
		{1DD0C827-626C-4331-8EF7-EBA5903F84A9}.Release|Any CPU.Build.0 = Release|Any CPU
		{A4D779F5-5B1A-49C1-BE8A-73C75EDE72AC}.Debug|Any CPU.ActiveCfg = Debug|Any CPU
		{A4D779F5-5B1A-49C1-BE8A-73C75EDE72AC}.Debug|Any CPU.Build.0 = Debug|Any CPU
		{A4D779F5-5B1A-49C1-BE8A-73C75EDE72AC}.Release|Any CPU.ActiveCfg = Release|Any CPU
		{A4D779F5-5B1A-49C1-BE8A-73C75EDE72AC}.Release|Any CPU.Build.0 = Release|Any CPU
		{CF160290-DB68-43AF-8FB9-89D4E92B3F0E}.Debug|Any CPU.ActiveCfg = Debug|Any CPU
		{CF160290-DB68-43AF-8FB9-89D4E92B3F0E}.Debug|Any CPU.Build.0 = Debug|Any CPU
		{CF160290-DB68-43AF-8FB9-89D4E92B3F0E}.Release|Any CPU.ActiveCfg = Release|Any CPU
		{CF160290-DB68-43AF-8FB9-89D4E92B3F0E}.Release|Any CPU.Build.0 = Release|Any CPU
		{703C6A6B-3ACB-4823-B958-C2457E1D8DA6}.Debug|Any CPU.ActiveCfg = Debug|Any CPU
		{703C6A6B-3ACB-4823-B958-C2457E1D8DA6}.Debug|Any CPU.Build.0 = Debug|Any CPU
		{703C6A6B-3ACB-4823-B958-C2457E1D8DA6}.Release|Any CPU.ActiveCfg = Release|Any CPU
		{703C6A6B-3ACB-4823-B958-C2457E1D8DA6}.Release|Any CPU.Build.0 = Release|Any CPU
		{A51B69A6-8B11-4599-98A9-34B16791202C}.Debug|Any CPU.ActiveCfg = Debug|Any CPU
		{A51B69A6-8B11-4599-98A9-34B16791202C}.Debug|Any CPU.Build.0 = Debug|Any CPU
		{A51B69A6-8B11-4599-98A9-34B16791202C}.Release|Any CPU.ActiveCfg = Release|Any CPU
		{A51B69A6-8B11-4599-98A9-34B16791202C}.Release|Any CPU.Build.0 = Release|Any CPU
		{079AC38C-161B-41E9-BBE3-74976F200ABE}.Debug|Any CPU.ActiveCfg = Debug|Any CPU
		{079AC38C-161B-41E9-BBE3-74976F200ABE}.Debug|Any CPU.Build.0 = Debug|Any CPU
		{079AC38C-161B-41E9-BBE3-74976F200ABE}.Release|Any CPU.ActiveCfg = Release|Any CPU
		{079AC38C-161B-41E9-BBE3-74976F200ABE}.Release|Any CPU.Build.0 = Release|Any CPU
	EndGlobalSection
	GlobalSection(SolutionProperties) = preSolution
		HideSolutionNode = FALSE
	EndGlobalSection
	GlobalSection(NestedProjects) = preSolution
		{1F006470-3E2F-4CFF-8FBA-6BCA36A7D769} = {3D7DA9E7-82BF-4E23-A90D-B035F1F28F6E}
		{866B7B0E-8F13-4375-807B-E4D07C7EA069} = {4409EA7D-7C62-49DB-8CDA-95353BBE16AE}
		{F99EB73B-1B8F-4465-80F7-D92C0E7EA7D7} = {4409EA7D-7C62-49DB-8CDA-95353BBE16AE}
		{1DD0C827-626C-4331-8EF7-EBA5903F84A9} = {3D7DA9E7-82BF-4E23-A90D-B035F1F28F6E}
		{A4D779F5-5B1A-49C1-BE8A-73C75EDE72AC} = {339022BD-0E44-4F1C-8C1A-180E5DACCAA8}
		{CF160290-DB68-43AF-8FB9-89D4E92B3F0E} = {B6576D5F-DE6D-4CC4-A00F-5B440423EC44}
		{703C6A6B-3ACB-4823-B958-C2457E1D8DA6} = {B6576D5F-DE6D-4CC4-A00F-5B440423EC44}
		{A51B69A6-8B11-4599-98A9-34B16791202C} = {B6576D5F-DE6D-4CC4-A00F-5B440423EC44}
		{079AC38C-161B-41E9-BBE3-74976F200ABE} = {B6576D5F-DE6D-4CC4-A00F-5B440423EC44}
	EndGlobalSection
	GlobalSection(ExtensibilityGlobals) = postSolution
		SolutionGuid = {F33149F3-CE29-4C4A-9E8E-470F2C9BE3F7}
	EndGlobalSection
EndGlobal
